
Microsoft Visual Studio Solution File, Format Version 12.00
# Visual Studio Version 16
VisualStudioVersion = 16.0.32413.511
MinimumVisualStudioVersion = 10.0.40219.1
Project("{FAE04EC0-301F-11D3-BF4B-00C04F79EFBC}") = "Heap", "Heap.csproj", "{B506F137-518C-4006-9451-AAF64C73E03E}"
EndProject
Global
	GlobalSection(SolutionConfigurationPlatforms) = preSolution
		Debug|Any CPU = Debug|Any CPU
		Release|Any CPU = Release|Any CPU
	EndGlobalSection
	GlobalSection(ProjectConfigurationPlatforms) = postSolution
		{B506F137-518C-4006-9451-AAF64C73E03E}.Debug|Any CPU.ActiveCfg = Debug|Any CPU
		{B506F137-518C-4006-9451-AAF64C73E03E}.Debug|Any CPU.Build.0 = Debug|Any CPU
		{B506F137-518C-4006-9451-AAF64C73E03E}.Release|Any CPU.ActiveCfg = Release|Any CPU
		{B506F137-518C-4006-9451-AAF64C73E03E}.Release|Any CPU.Build.0 = Release|Any CPU
	EndGlobalSection
	GlobalSection(SolutionProperties) = preSolution
		HideSolutionNode = FALSE
	EndGlobalSection
	GlobalSection(ExtensibilityGlobals) = postSolution
		SolutionGuid = {090611DD-BF8F-4D8E-A82F-065ACE6E0BA7}
	EndGlobalSection
EndGlobal
